
Microsoft Visual Studio Solution File, Format Version 12.00
# Visual Studio 15
Project("{FAE04EC0-301F-11D3-BF4B-00C04F79EFBC}") = "signal-2019-dotnetcore", "signal-2019-dotnetcore\signal-2019-dotnetcore.csproj", "{4A42E368-4168-48C2-B5D5-602AE1882242}"
EndProject
Global
	GlobalSection(SolutionConfigurationPlatforms) = preSolution
		Debug|Any CPU = Debug|Any CPU
		Release|Any CPU = Release|Any CPU
	EndGlobalSection
	GlobalSection(ProjectConfigurationPlatforms) = postSolution
		{4A42E368-4168-48C2-B5D5-602AE1882242}.Debug|Any CPU.ActiveCfg = Debug|Any CPU
		{4A42E368-4168-48C2-B5D5-602AE1882242}.Debug|Any CPU.Build.0 = Debug|Any CPU
		{4A42E368-4168-48C2-B5D5-602AE1882242}.Release|Any CPU.ActiveCfg = Release|Any CPU
		{4A42E368-4168-48C2-B5D5-602AE1882242}.Release|Any CPU.Build.0 = Release|Any CPU
		{802534C2-D63F-469D-AC65-2F53F6574749}.Debug|Any CPU.ActiveCfg = Debug|Any CPU
		{802534C2-D63F-469D-AC65-2F53F6574749}.Debug|Any CPU.Build.0 = Debug|Any CPU
		{802534C2-D63F-469D-AC65-2F53F6574749}.Release|Any CPU.ActiveCfg = Release|Any CPU
		{802534C2-D63F-469D-AC65-2F53F6574749}.Release|Any CPU.Build.0 = Release|Any CPU
	EndGlobalSection
EndGlobal
